// !$*UTF8*$!
{
	archiveVersion = 1;
	classes = {
	};
	objectVersion = 50;
	objects = {

/* Begin PBXBuildFile section */
		04DAA8A721E4D9850050B5E8 /* AppDelegate.m in Sources */ = {isa = PBXBuildFile; fileRef = 04DAA8A621E4D9850050B5E8 /* AppDelegate.m */; };
		04DAA8AA21E4D9850050B5E8 /* ViewController.m in Sources */ = {isa = PBXBuildFile; fileRef = 04DAA8A921E4D9850050B5E8 /* ViewController.m */; };
		04DAA8AD21E4D9850050B5E8 /* Main.storyboard in Resources */ = {isa = PBXBuildFile; fileRef = 04DAA8AB21E4D9850050B5E8 /* Main.storyboard */; };
		04DAA8AF21E4D9880050B5E8 /* Assets.xcassets in Resources */ = {isa = PBXBuildFile; fileRef = 04DAA8AE21E4D9880050B5E8 /* Assets.xcassets */; };
		04DAA8B221E4D9880050B5E8 /* LaunchScreen.storyboard in Resources */ = {isa = PBXBuildFile; fileRef = 04DAA8B021E4D9880050B5E8 /* LaunchScreen.storyboard */; };
		04DAA8B521E4D9880050B5E8 /* main.m in Sources */ = {isa = PBXBuildFile; fileRef = 04DAA8B421E4D9880050B5E8 /* main.m */; };
		04DAA8BF21E4D9880050B5E8 /* RtDatePickerViewTests.m in Sources */ = {isa = PBXBuildFile; fileRef = 04DAA8BE21E4D9880050B5E8 /* RtDatePickerViewTests.m */; };
		04DAA8CA21E4D9880050B5E8 /* RtDatePickerViewUITests.m in Sources */ = {isa = PBXBuildFile; fileRef = 04DAA8C921E4D9880050B5E8 /* RtDatePickerViewUITests.m */; };
		04DAA8DB21E4D9990050B5E8 /* RtDatePickerView.xib in Resources */ = {isa = PBXBuildFile; fileRef = 04DAA8D821E4D9990050B5E8 /* RtDatePickerView.xib */; };
		04DAA8DC21E4D9990050B5E8 /* RtDatePickerView.m in Sources */ = {isa = PBXBuildFile; fileRef = 04DAA8DA21E4D9990050B5E8 /* RtDatePickerView.m */; };
/* End PBXBuildFile section */

/* Begin PBXContainerItemProxy section */
		04DAA8BB21E4D9880050B5E8 /* PBXContainerItemProxy */ = {
			isa = PBXContainerItemProxy;
			containerPortal = 04DAA89A21E4D9850050B5E8 /* Project object */;
			proxyType = 1;
			remoteGlobalIDString = 04DAA8A121E4D9850050B5E8;
			remoteInfo = RtDatePickerView;
		};
		04DAA8C621E4D9880050B5E8 /* PBXContainerItemProxy */ = {
			isa = PBXContainerItemProxy;
			containerPortal = 04DAA89A21E4D9850050B5E8 /* Project object */;
			proxyType = 1;
			remoteGlobalIDString = 04DAA8A121E4D9850050B5E8;
			remoteInfo = RtDatePickerView;
		};
/* End PBXContainerItemProxy section */

/* Begin PBXFileReference section */
		04DAA8A221E4D9850050B5E8 /* RtDatePickerView.app */ = {isa = PBXFileReference; explicitFileType = wrapper.application; includeInIndex = 0; path = RtDatePickerView.app; sourceTree = BUILT_PRODUCTS_DIR; };
		04DAA8A521E4D9850050B5E8 /* AppDelegate.h */ = {isa = PBXFileReference; lastKnownFileType = sourcecode.c.h; path = AppDelegate.h; sourceTree = "<group>"; };
		04DAA8A621E4D9850050B5E8 /* AppDelegate.m */ = {isa = PBXFileReference; lastKnownFileType = sourcecode.c.objc; path = AppDelegate.m; sourceTree = "<group>"; };
		04DAA8A821E4D9850050B5E8 /* ViewController.h */ = {isa = PBXFileReference; lastKnownFileType = sourcecode.c.h; path = ViewController.h; sourceTree = "<group>"; };
		04DAA8A921E4D9850050B5E8 /* ViewController.m */ = {isa = PBXFileReference; lastKnownFileType = sourcecode.c.objc; path = ViewController.m; sourceTree = "<group>"; };
		04DAA8AC21E4D9850050B5E8 /* Base */ = {isa = PBXFileReference; lastKnownFileType = file.storyboard; name = Base; path = Base.lproj/Main.storyboard; sourceTree = "<group>"; };
		04DAA8AE21E4D9880050B5E8 /* Assets.xcassets */ = {isa = PBXFileReference; lastKnownFileType = folder.assetcatalog; path = Assets.xcassets; sourceTree = "<group>"; };
		04DAA8B121E4D9880050B5E8 /* Base */ = {isa = PBXFileReference; lastKnownFileType = file.storyboard; name = Base; path = Base.lproj/LaunchScreen.storyboard; sourceTree = "<group>"; };
		04DAA8B321E4D9880050B5E8 /* Info.plist */ = {isa = PBXFileReference; lastKnownFileType = text.plist.xml; path = Info.plist; sourceTree = "<group>"; };
		04DAA8B421E4D9880050B5E8 /* main.m */ = {isa = PBXFileReference; lastKnownFileType = sourcecode.c.objc; path = main.m; sourceTree = "<group>"; };
		04DAA8BA21E4D9880050B5E8 /* RtDatePickerViewTests.xctest */ = {isa = PBXFileReference; explicitFileType = wrapper.cfbundle; includeInIndex = 0; path = RtDatePickerViewTests.xctest; sourceTree = BUILT_PRODUCTS_DIR; };
		04DAA8BE21E4D9880050B5E8 /* RtDatePickerViewTests.m */ = {isa = PBXFileReference; lastKnownFileType = sourcecode.c.objc; path = RtDatePickerViewTests.m; sourceTree = "<group>"; };
		04DAA8C021E4D9880050B5E8 /* Info.plist */ = {isa = PBXFileReference; lastKnownFileType = text.plist.xml; path = Info.plist; sourceTree = "<group>"; };
		04DAA8C521E4D9880050B5E8 /* RtDatePickerViewUITests.xctest */ = {isa = PBXFileReference; explicitFileType = wrapper.cfbundle; includeInIndex = 0; path = RtDatePickerViewUITests.xctest; sourceTree = BUILT_PRODUCTS_DIR; };
		04DAA8C921E4D9880050B5E8 /* RtDatePickerViewUITests.m */ = {isa = PBXFileReference; lastKnownFileType = sourcecode.c.objc; path = RtDatePickerViewUITests.m; sourceTree = "<group>"; };
		04DAA8CB21E4D9880050B5E8 /* Info.plist */ = {isa = PBXFileReference; lastKnownFileType = text.plist.xml; path = Info.plist; sourceTree = "<group>"; };
		04DAA8D821E4D9990050B5E8 /* RtDatePickerView.xib */ = {isa = PBXFileReference; fileEncoding = 4; lastKnownFileType = file.xib; path = RtDatePickerView.xib; sourceTree = "<group>"; };
		04DAA8D921E4D9990050B5E8 /* RtDatePickerView.h */ = {isa = PBXFileReference; fileEncoding = 4; lastKnownFileType = sourcecode.c.h; path = RtDatePickerView.h; sourceTree = "<group>"; };
		04DAA8DA21E4D9990050B5E8 /* RtDatePickerView.m */ = {isa = PBXFileReference; fileEncoding = 4; lastKnownFileType = sourcecode.c.objc; path = RtDatePickerView.m; sourceTree = "<group>"; };
/* End PBXFileReference section */

/* Begin PBXFrameworksBuildPhase section */
		04DAA89F21E4D9850050B5E8 /* Frameworks */ = {
			isa = PBXFrameworksBuildPhase;
			buildActionMask = 2147483647;
			files = (
			);
			runOnlyForDeploymentPostprocessing = 0;
		};
		04DAA8B721E4D9880050B5E8 /* Frameworks */ = {
			isa = PBXFrameworksBuildPhase;
			buildActionMask = 2147483647;
			files = (
			);
			runOnlyForDeploymentPostprocessing = 0;
		};
		04DAA8C221E4D9880050B5E8 /* Frameworks */ = {
			isa = PBXFrameworksBuildPhase;
			buildActionMask = 2147483647;
			files = (
			);
			runOnlyForDeploymentPostprocessing = 0;
		};
/* End PBXFrameworksBuildPhase section */

/* Begin PBXGroup section */
		04DAA89921E4D9850050B5E8 = {
			isa = PBXGroup;
			children = (
				04DAA8A421E4D9850050B5E8 /* RtDatePickerView */,
				04DAA8BD21E4D9880050B5E8 /* RtDatePickerViewTests */,
				04DAA8C821E4D9880050B5E8 /* RtDatePickerViewUITests */,
				04DAA8A321E4D9850050B5E8 /* Products */,
			);
			sourceTree = "<group>";
		};
		04DAA8A321E4D9850050B5E8 /* Products */ = {
			isa = PBXGroup;
			children = (
				04DAA8A221E4D9850050B5E8 /* RtDatePickerView.app */,
				04DAA8BA21E4D9880050B5E8 /* RtDatePickerViewTests.xctest */,
				04DAA8C521E4D9880050B5E8 /* RtDatePickerViewUITests.xctest */,
			);
			name = Products;
			sourceTree = "<group>";
		};
		04DAA8A421E4D9850050B5E8 /* RtDatePickerView */ = {
			isa = PBXGroup;
			children = (
				04DAA8D721E4D9990050B5E8 /* RtDatePickerView */,
				04DAA8A521E4D9850050B5E8 /* AppDelegate.h */,
				04DAA8A621E4D9850050B5E8 /* AppDelegate.m */,
				04DAA8A821E4D9850050B5E8 /* ViewController.h */,
				04DAA8A921E4D9850050B5E8 /* ViewController.m */,
				04DAA8AB21E4D9850050B5E8 /* Main.storyboard */,
				04DAA8AE21E4D9880050B5E8 /* Assets.xcassets */,
				04DAA8B021E4D9880050B5E8 /* LaunchScreen.storyboard */,
				04DAA8B321E4D9880050B5E8 /* Info.plist */,
				04DAA8B421E4D9880050B5E8 /* main.m */,
			);
			path = RtDatePickerView;
			sourceTree = "<group>";
		};
		04DAA8BD21E4D9880050B5E8 /* RtDatePickerViewTests */ = {
			isa = PBXGroup;
			children = (
				04DAA8BE21E4D9880050B5E8 /* RtDatePickerViewTests.m */,
				04DAA8C021E4D9880050B5E8 /* Info.plist */,
			);
			path = RtDatePickerViewTests;
			sourceTree = "<group>";
		};
		04DAA8C821E4D9880050B5E8 /* RtDatePickerViewUITests */ = {
			isa = PBXGroup;
			children = (
				04DAA8C921E4D9880050B5E8 /* RtDatePickerViewUITests.m */,
				04DAA8CB21E4D9880050B5E8 /* Info.plist */,
			);
			path = RtDatePickerViewUITests;
			sourceTree = "<group>";
		};
		04DAA8D721E4D9990050B5E8 /* RtDatePickerView */ = {
			isa = PBXGroup;
			children = (
				04DAA8D821E4D9990050B5E8 /* RtDatePickerView.xib */,
				04DAA8D921E4D9990050B5E8 /* RtDatePickerView.h */,
				04DAA8DA21E4D9990050B5E8 /* RtDatePickerView.m */,
			);
			path = RtDatePickerView;
			sourceTree = "<group>";
		};
/* End PBXGroup section */

/* Begin PBXNativeTarget section */
		04DAA8A121E4D9850050B5E8 /* RtDatePickerView */ = {
			isa = PBXNativeTarget;
			buildConfigurationList = 04DAA8CE21E4D9880050B5E8 /* Build configuration list for PBXNativeTarget "RtDatePickerView" */;
			buildPhases = (
				04DAA89E21E4D9850050B5E8 /* Sources */,
				04DAA89F21E4D9850050B5E8 /* Frameworks */,
				04DAA8A021E4D9850050B5E8 /* Resources */,
			);
			buildRules = (
			);
			dependencies = (
			);
			name = RtDatePickerView;
			productName = RtDatePickerView;
			productReference = 04DAA8A221E4D9850050B5E8 /* RtDatePickerView.app */;
			productType = "com.apple.product-type.application";
		};
		04DAA8B921E4D9880050B5E8 /* RtDatePickerViewTests */ = {
			isa = PBXNativeTarget;
			buildConfigurationList = 04DAA8D121E4D9880050B5E8 /* Build configuration list for PBXNativeTarget "RtDatePickerViewTests" */;
			buildPhases = (
				04DAA8B621E4D9880050B5E8 /* Sources */,
				04DAA8B721E4D9880050B5E8 /* Frameworks */,
				04DAA8B821E4D9880050B5E8 /* Resources */,
			);
			buildRules = (
			);
			dependencies = (
				04DAA8BC21E4D9880050B5E8 /* PBXTargetDependency */,
			);
			name = RtDatePickerViewTests;
			productName = RtDatePickerViewTests;
			productReference = 04DAA8BA21E4D9880050B5E8 /* RtDatePickerViewTests.xctest */;
			productType = "com.apple.product-type.bundle.unit-test";
		};
		04DAA8C421E4D9880050B5E8 /* RtDatePickerViewUITests */ = {
			isa = PBXNativeTarget;
			buildConfigurationList = 04DAA8D421E4D9880050B5E8 /* Build configuration list for PBXNativeTarget "RtDatePickerViewUITests" */;
			buildPhases = (
				04DAA8C121E4D9880050B5E8 /* Sources */,
				04DAA8C221E4D9880050B5E8 /* Frameworks */,
				04DAA8C321E4D9880050B5E8 /* Resources */,
			);
			buildRules = (
			);
			dependencies = (
				04DAA8C721E4D9880050B5E8 /* PBXTargetDependency */,
			);
			name = RtDatePickerViewUITests;
			productName = RtDatePickerViewUITests;
			productReference = 04DAA8C521E4D9880050B5E8 /* RtDatePickerViewUITests.xctest */;
			productType = "com.apple.product-type.bundle.ui-testing";
		};
/* End PBXNativeTarget section */

/* Begin PBXProject section */
		04DAA89A21E4D9850050B5E8 /* Project object */ = {
			isa = PBXProject;
			attributes = {
				LastUpgradeCheck = 1010;
				ORGANIZATIONNAME = mac;
				TargetAttributes = {
					04DAA8A121E4D9850050B5E8 = {
						CreatedOnToolsVersion = 10.1;
					};
					04DAA8B921E4D9880050B5E8 = {
						CreatedOnToolsVersion = 10.1;
						TestTargetID = 04DAA8A121E4D9850050B5E8;
					};
					04DAA8C421E4D9880050B5E8 = {
						CreatedOnToolsVersion = 10.1;
						TestTargetID = 04DAA8A121E4D9850050B5E8;
					};
				};
			};
			buildConfigurationList = 04DAA89D21E4D9850050B5E8 /* Build configuration list for PBXProject "RtDatePickerView" */;
			compatibilityVersion = "Xcode 9.3";
			developmentRegion = en;
			hasScannedForEncodings = 0;
			knownRegions = (
				en,
				Base,
			);
			mainGroup = 04DAA89921E4D9850050B5E8;
			productRefGroup = 04DAA8A321E4D9850050B5E8 /* Products */;
			projectDirPath = "";
			projectRoot = "";
			targets = (
				04DAA8A121E4D9850050B5E8 /* RtDatePickerView */,
				04DAA8B921E4D9880050B5E8 /* RtDatePickerViewTests */,
				04DAA8C421E4D9880050B5E8 /* RtDatePickerViewUITests */,
			);
		};
/* End PBXProject section */

/* Begin PBXResourcesBuildPhase section */
		04DAA8A021E4D9850050B5E8 /* Resources */ = {
			isa = PBXResourcesBuildPhase;
			buildActionMask = 2147483647;
			files = (
				04DAA8B221E4D9880050B5E8 /* LaunchScreen.storyboard in Resources */,
				04DAA8AF21E4D9880050B5E8 /* Assets.xcassets in Resources */,
				04DAA8DB21E4D9990050B5E8 /* RtDatePickerView.xib in Resources */,
				04DAA8AD21E4D9850050B5E8 /* Main.storyboard in Resources */,
			);
			runOnlyForDeploymentPostprocessing = 0;
		};
		04DAA8B821E4D9880050B5E8 /* Resources */ = {
			isa = PBXResourcesBuildPhase;
			buildActionMask = 2147483647;
			files = (
			);
			runOnlyForDeploymentPostprocessing = 0;
		};
		04DAA8C321E4D9880050B5E8 /* Resources */ = {
			isa = PBXResourcesBuildPhase;
			buildActionMask = 2147483647;
			files = (
			);
			runOnlyForDeploymentPostprocessing = 0;
		};
/* End PBXResourcesBuildPhase section */

/* Begin PBXSourcesBuildPhase section */
		04DAA89E21E4D9850050B5E8 /* Sources */ = {
			isa = PBXSourcesBuildPhase;
			buildActionMask = 2147483647;
			files = (
				04DAA8AA21E4D9850050B5E8 /* ViewController.m in Sources */,
				04DAA8B521E4D9880050B5E8 /* main.m in Sources */,
				04DAA8DC21E4D9990050B5E8 /* RtDatePickerView.m in Sources */,
				04DAA8A721E4D9850050B5E8 /* AppDelegate.m in Sources */,
			);
			runOnlyForDeploymentPostprocessing = 0;
		};
		04DAA8B621E4D9880050B5E8 /* Sources */ = {
			isa = PBXSourcesBuildPhase;
			buildActionMask = 2147483647;
			files = (
				04DAA8BF21E4D9880050B5E8 /* RtDatePickerViewTests.m in Sources */,
			);
			runOnlyForDeploymentPostprocessing = 0;
		};
		04DAA8C121E4D9880050B5E8 /* Sources */ = {
			isa = PBXSourcesBuildPhase;
			buildActionMask = 2147483647;
			files = (
				04DAA8CA21E4D9880050B5E8 /* RtDatePickerViewUITests.m in Sources */,
			);
			runOnlyForDeploymentPostprocessing = 0;
		};
/* End PBXSourcesBuildPhase section */

/* Begin PBXTargetDependency section */
		04DAA8BC21E4D9880050B5E8 /* PBXTargetDependency */ = {
			isa = PBXTargetDependency;
			target = 04DAA8A121E4D9850050B5E8 /* RtDatePickerView */;
			targetProxy = 04DAA8BB21E4D9880050B5E8 /* PBXContainerItemProxy */;
		};
		04DAA8C721E4D9880050B5E8 /* PBXTargetDependency */ = {
			isa = PBXTargetDependency;
			target = 04DAA8A121E4D9850050B5E8 /* RtDatePickerView */;
			targetProxy = 04DAA8C621E4D9880050B5E8 /* PBXContainerItemProxy */;
		};
/* End PBXTargetDependency section */

/* Begin PBXVariantGroup section */
		04DAA8AB21E4D9850050B5E8 /* Main.storyboard */ = {
			isa = PBXVariantGroup;
			children = (
				04DAA8AC21E4D9850050B5E8 /* Base */,
			);
			name = Main.storyboard;
			sourceTree = "<group>";
		};
		04DAA8B021E4D9880050B5E8 /* LaunchScreen.storyboard */ = {
			isa = PBXVariantGroup;
			children = (
				04DAA8B121E4D9880050B5E8 /* Base */,
			);
			name = LaunchScreen.storyboard;
			sourceTree = "<group>";
		};
/* End PBXVariantGroup section */

/* Begin XCBuildConfiguration section */
		04DAA8CC21E4D9880050B5E8 /* Debug */ = {
			isa = XCBuildConfiguration;
			buildSettings = {
				ALWAYS_SEARCH_USER_PATHS = NO;
				CLANG_ANALYZER_NONNULL = YES;
				CLANG_ANALYZER_NUMBER_OBJECT_CONVERSION = YES_AGGRESSIVE;
				CLANG_CXX_LANGUAGE_STANDARD = "gnu++14";
				CLANG_CXX_LIBRARY = "libc++";
				CLANG_ENABLE_MODULES = YES;
				CLANG_ENABLE_OBJC_ARC = YES;
				CLANG_ENABLE_OBJC_WEAK = YES;
				CLANG_WARN_BLOCK_CAPTURE_AUTORELEASING = YES;
				CLANG_WARN_BOOL_CONVERSION = YES;
				CLANG_WARN_COMMA = YES;
				CLANG_WARN_CONSTANT_CONVERSION = YES;
				CLANG_WARN_DEPRECATED_OBJC_IMPLEMENTATIONS = YES;
				CLANG_WARN_DIRECT_OBJC_ISA_USAGE = YES_ERROR;
				CLANG_WARN_DOCUMENTATION_COMMENTS = YES;
				CLANG_WARN_EMPTY_BODY = YES;
				CLANG_WARN_ENUM_CONVERSION = YES;
				CLANG_WARN_INFINITE_RECURSION = YES;
				CLANG_WARN_INT_CONVERSION = YES;
				CLANG_WARN_NON_LITERAL_NULL_CONVERSION = YES;
				CLANG_WARN_OBJC_IMPLICIT_RETAIN_SELF = YES;
				CLANG_WARN_OBJC_LITERAL_CONVERSION = YES;
				CLANG_WARN_OBJC_ROOT_CLASS = YES_ERROR;
				CLANG_WARN_RANGE_LOOP_ANALYSIS = YES;
				CLANG_WARN_STRICT_PROTOTYPES = YES;
				CLANG_WARN_SUSPICIOUS_MOVE = YES;
				CLANG_WARN_UNGUARDED_AVAILABILITY = YES_AGGRESSIVE;
				CLANG_WARN_UNREACHABLE_CODE = YES;
				CLANG_WARN__DUPLICATE_METHOD_MATCH = YES;
				CODE_SIGN_IDENTITY = "iPhone Developer";
				COPY_PHASE_STRIP = NO;
				DEBUG_INFORMATION_FORMAT = dwarf;
				ENABLE_STRICT_OBJC_MSGSEND = YES;
				ENABLE_TESTABILITY = YES;
				GCC_C_LANGUAGE_STANDARD = gnu11;
				GCC_DYNAMIC_NO_PIC = NO;
				GCC_NO_COMMON_BLOCKS = YES;
				GCC_OPTIMIZATION_LEVEL = 0;
				GCC_PREPROCESSOR_DEFINITIONS = (
					"DEBUG=1",
					"$(inherited)",
				);
				GCC_WARN_64_TO_32_BIT_CONVERSION = YES;
				GCC_WARN_ABOUT_RETURN_TYPE = YES_ERROR;
				GCC_WARN_UNDECLARED_SELECTOR = YES;
				GCC_WARN_UNINITIALIZED_AUTOS = YES_AGGRESSIVE;
				GCC_WARN_UNUSED_FUNCTION = YES;
				GCC_WARN_UNUSED_VARIABLE = YES;
				IPHONEOS_DEPLOYMENT_TARGET = 12.1;
				MTL_ENABLE_DEBUG_INFO = INCLUDE_SOURCE;
				MTL_FAST_MATH = YES;
				ONLY_ACTIVE_ARCH = YES;
				SDKROOT = iphoneos;
			};
			name = Debug;
		};
		04DAA8CD21E4D9880050B5E8 /* Release */ = {
			isa = XCBuildConfiguration;
			buildSettings = {
				ALWAYS_SEARCH_USER_PATHS = NO;
				CLANG_ANALYZER_NONNULL = YES;
				CLANG_ANALYZER_NUMBER_OBJECT_CONVERSION = YES_AGGRESSIVE;
				CLANG_CXX_LANGUAGE_STANDARD = "gnu++14";
				CLANG_CXX_LIBRARY = "libc++";
				CLANG_ENABLE_MODULES = YES;
				CLANG_ENABLE_OBJC_ARC = YES;
				CLANG_ENABLE_OBJC_WEAK = YES;
				CLANG_WARN_BLOCK_CAPTURE_AUTORELEASING = YES;
				CLANG_WARN_BOOL_CONVERSION = YES;
				CLANG_WARN_COMMA = YES;
				CLANG_WARN_CONSTANT_CONVERSION = YES;
				CLANG_WARN_DEPRECATED_OBJC_IMPLEMENTATIONS = YES;
				CLANG_WARN_DIRECT_OBJC_ISA_USAGE = YES_ERROR;
				CLANG_WARN_DOCUMENTATION_COMMENTS = YES;
				CLANG_WARN_EMPTY_BODY = YES;
				CLANG_WARN_ENUM_CONVERSION = YES;
				CLANG_WARN_INFINITE_RECURSION = YES;
				CLANG_WARN_INT_CONVERSION = YES;
				CLANG_WARN_NON_LITERAL_NULL_CONVERSION = YES;
				CLANG_WARN_OBJC_IMPLICIT_RETAIN_SELF = YES;
				CLANG_WARN_OBJC_LITERAL_CONVERSION = YES;
				CLANG_WARN_OBJC_ROOT_CLASS = YES_ERROR;
				CLANG_WARN_RANGE_LOOP_ANALYSIS = YES;
				CLANG_WARN_STRICT_PROTOTYPES = YES;
				CLANG_WARN_SUSPICIOUS_MOVE = YES;
				CLANG_WARN_UNGUARDED_AVAILABILITY = YES_AGGRESSIVE;
				CLANG_WARN_UNREACHABLE_CODE = YES;
				CLANG_WARN__DUPLICATE_METHOD_MATCH = YES;
				CODE_SIGN_IDENTITY = "iPhone Developer";
				COPY_PHASE_STRIP = NO;
				DEBUG_INFORMATION_FORMAT = "dwarf-with-dsym";
				ENABLE_NS_ASSERTIONS = NO;
				ENABLE_STRICT_OBJC_MSGSEND = YES;
				GCC_C_LANGUAGE_STANDARD = gnu11;
				GCC_NO_COMMON_BLOCKS = YES;
				GCC_WARN_64_TO_32_BIT_CONVERSION = YES;
				GCC_WARN_ABOUT_RETURN_TYPE = YES_ERROR;
				GCC_WARN_UNDECLARED_SELECTOR = YES;
				GCC_WARN_UNINITIALIZED_AUTOS = YES_AGGRESSIVE;
				GCC_WARN_UNUSED_FUNCTION = YES;
				GCC_WARN_UNUSED_VARIABLE = YES;
				IPHONEOS_DEPLOYMENT_TARGET = 12.1;
				MTL_ENABLE_DEBUG_INFO = NO;
				MTL_FAST_MATH = YES;
				SDKROOT = iphoneos;
				VALIDATE_PRODUCT = YES;
			};
			name = Release;
		};
		04DAA8CF21E4D9880050B5E8 /* Debug */ = {
			isa = XCBuildConfiguration;
			buildSettings = {
				ASSETCATALOG_COMPILER_APPICON_NAME = AppIcon;
				CODE_SIGN_STYLE = Automatic;
				INFOPLIST_FILE = RtDatePickerView/Info.plist;
				LD_RUNPATH_SEARCH_PATHS = (
					"$(inherited)",
					"@executable_path/Frameworks",
				);
				PRODUCT_BUNDLE_IDENTIFIER = com.cai39.com.RtDatePickerView;
				PRODUCT_NAME = "$(TARGET_NAME)";
				TARGETED_DEVICE_FAMILY = "1,2";
			};
			name = Debug;
		};
		04DAA8D021E4D9880050B5E8 /* Release */ = {
			isa = XCBuildConfiguration;
			buildSettings = {
				ASSETCATALOG_COMPILER_APPICON_NAME = AppIcon;
				CODE_SIGN_STYLE = Automatic;
				INFOPLIST_FILE = RtDatePickerView/Info.plist;
				LD_RUNPATH_SEARCH_PATHS = (
					"$(inherited)",
					"@executable_path/Frameworks",
				);
				PRODUCT_BUNDLE_IDENTIFIER = com.cai39.com.RtDatePickerView;
				PRODUCT_NAME = "$(TARGET_NAME)";
				TARGETED_DEVICE_FAMILY = "1,2";
			};
			name = Release;
		};
		04DAA8D221E4D9880050B5E8 /* Debug */ = {
			isa = XCBuildConfiguration;
			buildSettings = {
				BUNDLE_LOADER = "$(TEST_HOST)";
				CODE_SIGN_STYLE = Automatic;
				INFOPLIST_FILE = RtDatePickerViewTests/Info.plist;
				LD_RUNPATH_SEARCH_PATHS = (
					"$(inherited)",
					"@executable_path/Frameworks",
					"@loader_path/Frameworks",
				);
				PRODUCT_BUNDLE_IDENTIFIER = com.cai39.com.RtDatePickerViewTests;
				PRODUCT_NAME = "$(TARGET_NAME)";
				TARGETED_DEVICE_FAMILY = "1,2";
				TEST_HOST = "$(BUILT_PRODUCTS_DIR)/RtDatePickerView.app/RtDatePickerView";
			};
			name = Debug;
		};
		04DAA8D321E4D9880050B5E8 /* Release */ = {
			isa = XCBuildConfiguration;
			buildSettings = {
				BUNDLE_LOADER = "$(TEST_HOST)";
				CODE_SIGN_STYLE = Automatic;
				INFOPLIST_FILE = RtDatePickerViewTests/Info.plist;
				LD_RUNPATH_SEARCH_PATHS = (
					"$(inherited)",
					"@executable_path/Frameworks",
					"@loader_path/Frameworks",
				);
				PRODUCT_BUNDLE_IDENTIFIER = com.cai39.com.RtDatePickerViewTests;
				PRODUCT_NAME = "$(TARGET_NAME)";
				TARGETED_DEVICE_FAMILY = "1,2";
				TEST_HOST = "$(BUILT_PRODUCTS_DIR)/RtDatePickerView.app/RtDatePickerView";
			};
			name = Release;
		};
		04DAA8D521E4D9880050B5E8 /* Debug */ = {
			isa = XCBuildConfiguration;
			buildSettings = {
				CODE_SIGN_STYLE = Automatic;
				INFOPLIST_FILE = RtDatePickerViewUITests/Info.plist;
				LD_RUNPATH_SEARCH_PATHS = (
					"$(inherited)",
					"@executable_path/Frameworks",
					"@loader_path/Frameworks",
				);
				PRODUCT_BUNDLE_IDENTIFIER = com.cai39.com.RtDatePickerViewUITests;
				PRODUCT_NAME = "$(TARGET_NAME)";
				TARGETED_DEVICE_FAMILY = "1,2";
				TEST_TARGET_NAME = RtDatePickerView;
			};
			name = Debug;
		};
		04DAA8D621E4D9880050B5E8 /* Release */ = {
			isa = XCBuildConfiguration;
			buildSettings = {
				CODE_SIGN_STYLE = Automatic;
				INFOPLIST_FILE = RtDatePickerViewUITests/Info.plist;
				LD_RUNPATH_SEARCH_PATHS = (
					"$(inherited)",
					"@executable_path/Frameworks",
					"@loader_path/Frameworks",
				);
				PRODUCT_BUNDLE_IDENTIFIER = com.cai39.com.RtDatePickerViewUITests;
				PRODUCT_NAME = "$(TARGET_NAME)";
				TARGETED_DEVICE_FAMILY = "1,2";
				TEST_TARGET_NAME = RtDatePickerView;
			};
			name = Release;
		};
/* End XCBuildConfiguration section */

/* Begin XCConfigurationList section */
		04DAA89D21E4D9850050B5E8 /* Build configuration list for PBXProject "RtDatePickerView" */ = {
			isa = XCConfigurationList;
			buildConfigurations = (
				04DAA8CC21E4D9880050B5E8 /* Debug */,
				04DAA8CD21E4D9880050B5E8 /* Release */,
			);
			defaultConfigurationIsVisible = 0;
			defaultConfigurationName = Release;
		};
		04DAA8CE21E4D9880050B5E8 /* Build configuration list for PBXNativeTarget "RtDatePickerView" */ = {
			isa = XCConfigurationList;
			buildConfigurations = (
				04DAA8CF21E4D9880050B5E8 /* Debug */,
				04DAA8D021E4D9880050B5E8 /* Release */,
			);
			defaultConfigurationIsVisible = 0;
			defaultConfigurationName = Release;
		};
		04DAA8D121E4D9880050B5E8 /* Build configuration list for PBXNativeTarget "RtDatePickerViewTests" */ = {
			isa = XCConfigurationList;
			buildConfigurations = (
				04DAA8D221E4D9880050B5E8 /* Debug */,
				04DAA8D321E4D9880050B5E8 /* Release */,
			);
			defaultConfigurationIsVisible = 0;
			defaultConfigurationName = Release;
		};
		04DAA8D421E4D9880050B5E8 /* Build configuration list for PBXNativeTarget "RtDatePickerViewUITests" */ = {
			isa = XCConfigurationList;
			buildConfigurations = (
				04DAA8D521E4D9880050B5E8 /* Debug */,
				04DAA8D621E4D9880050B5E8 /* Release */,
			);
			defaultConfigurationIsVisible = 0;
			defaultConfigurationName = Release;
		};
/* End XCConfigurationList section */
	};
	rootObject = 04DAA89A21E4D9850050B5E8 /* Project object */;
}
